
Microsoft Visual Studio Solution File, Format Version 12.00
# Visual Studio Version 16
VisualStudioVersion = 16.0.30413.136
MinimumVisualStudioVersion = 10.0.40219.1
Project("{FAE04EC0-301F-11D3-BF4B-00C04F79EFBC}") = "FileCopying", "FileCopying\FileCopying.csproj", "{95E3D59D-B900-4C2B-A74E-D57BCA191F56}"
EndProject
Project("{FAE04EC0-301F-11D3-BF4B-00C04F79EFBC}") = "CopyingApi", "Api\CopyingApi\CopyingApi\CopyingApi.csproj", "{BBA482D4-C5C1-496B-B014-DBA2071D5EF1}"
EndProject
Global
	GlobalSection(SolutionConfigurationPlatforms) = preSolution
		Debug|Any CPU = Debug|Any CPU
		Release|Any CPU = Release|Any CPU
	EndGlobalSection
	GlobalSection(ProjectConfigurationPlatforms) = postSolution
		{95E3D59D-B900-4C2B-A74E-D57BCA191F56}.Debug|Any CPU.ActiveCfg = Debug|Any CPU
		{95E3D59D-B900-4C2B-A74E-D57BCA191F56}.Debug|Any CPU.Build.0 = Debug|Any CPU
		{95E3D59D-B900-4C2B-A74E-D57BCA191F56}.Release|Any CPU.ActiveCfg = Release|Any CPU
		{95E3D59D-B900-4C2B-A74E-D57BCA191F56}.Release|Any CPU.Build.0 = Release|Any CPU
		{BBA482D4-C5C1-496B-B014-DBA2071D5EF1}.Debug|Any CPU.ActiveCfg = Debug|Any CPU
		{BBA482D4-C5C1-496B-B014-DBA2071D5EF1}.Debug|Any CPU.Build.0 = Debug|Any CPU
		{BBA482D4-C5C1-496B-B014-DBA2071D5EF1}.Release|Any CPU.ActiveCfg = Release|Any CPU
		{BBA482D4-C5C1-496B-B014-DBA2071D5EF1}.Release|Any CPU.Build.0 = Release|Any CPU
	EndGlobalSection
	GlobalSection(SolutionProperties) = preSolution
		HideSolutionNode = FALSE
	EndGlobalSection
	GlobalSection(ExtensibilityGlobals) = postSolution
		SolutionGuid = {5F2F18DE-0988-427F-9055-FAE55D176B05}
	EndGlobalSection
EndGlobal
